// !$*UTF8*$!
{
	archiveVersion = 1;
	classes = {
	};
	objectVersion = 55;
	objects = {

/* Begin PBXBuildFile section */
		E6C411102841CB4E00FBF7D7 /* AppDelegate.swift in Sources */ = {isa = PBXBuildFile; fileRef = E6C4110F2841CB4E00FBF7D7 /* AppDelegate.swift */; };
		E6C411122841CB4E00FBF7D7 /* SceneDelegate.swift in Sources */ = {isa = PBXBuildFile; fileRef = E6C411112841CB4E00FBF7D7 /* SceneDelegate.swift */; };
		E6C411142841CB4E00FBF7D7 /* ViewController.swift in Sources */ = {isa = PBXBuildFile; fileRef = E6C411132841CB4E00FBF7D7 /* ViewController.swift */; };
		E6C411172841CB4E00FBF7D7 /* Main.storyboard in Resources */ = {isa = PBXBuildFile; fileRef = E6C411152841CB4E00FBF7D7 /* Main.storyboard */; };
		E6C411192841CB5200FBF7D7 /* Assets.xcassets in Resources */ = {isa = PBXBuildFile; fileRef = E6C411182841CB5200FBF7D7 /* Assets.xcassets */; };
		E6C4111C2841CB5200FBF7D7 /* LaunchScreen.storyboard in Resources */ = {isa = PBXBuildFile; fileRef = E6C4111A2841CB5200FBF7D7 /* LaunchScreen.storyboard */; };
		E6C411242841D13100FBF7D7 /* ExcelViewController.swift in Sources */ = {isa = PBXBuildFile; fileRef = E6C411232841D13100FBF7D7 /* ExcelViewController.swift */; };
		E6CB6DEE2844827C007C0184 /* WebKit.framework in Frameworks */ = {isa = PBXBuildFile; fileRef = E6CB6DED2844827C007C0184 /* WebKit.framework */; };
		E6CB6DF028448284007C0184 /* Network.framework in Frameworks */ = {isa = PBXBuildFile; fileRef = E6CB6DEF28448284007C0184 /* Network.framework */; };
		E6CB6DF228448296007C0184 /* InternetStatus.swift in Sources */ = {isa = PBXBuildFile; fileRef = E6CB6DF128448296007C0184 /* InternetStatus.swift */; };
		E6CB6DF428448D26007C0184 /* PDFViewController.swift in Sources */ = {isa = PBXBuildFile; fileRef = E6CB6DF328448D26007C0184 /* PDFViewController.swift */; };
		E6CB6DF628448E1D007C0184 /* ImageViewController.swift in Sources */ = {isa = PBXBuildFile; fileRef = E6CB6DF528448E1D007C0184 /* ImageViewController.swift */; };
/* End PBXBuildFile section */

/* Begin PBXFileReference section */
		E6C4110C2841CB4E00FBF7D7 /* Practica2iOS.app */ = {isa = PBXFileReference; explicitFileType = wrapper.application; includeInIndex = 0; path = Practica2iOS.app; sourceTree = BUILT_PRODUCTS_DIR; };
		E6C4110F2841CB4E00FBF7D7 /* AppDelegate.swift */ = {isa = PBXFileReference; lastKnownFileType = sourcecode.swift; path = AppDelegate.swift; sourceTree = "<group>"; };
		E6C411112841CB4E00FBF7D7 /* SceneDelegate.swift */ = {isa = PBXFileReference; lastKnownFileType = sourcecode.swift; path = SceneDelegate.swift; sourceTree = "<group>"; };
		E6C411132841CB4E00FBF7D7 /* ViewController.swift */ = {isa = PBXFileReference; lastKnownFileType = sourcecode.swift; path = ViewController.swift; sourceTree = "<group>"; };
		E6C411162841CB4E00FBF7D7 /* Base */ = {isa = PBXFileReference; lastKnownFileType = file.storyboard; name = Base; path = Base.lproj/Main.storyboard; sourceTree = "<group>"; };
		E6C411182841CB5200FBF7D7 /* Assets.xcassets */ = {isa = PBXFileReference; lastKnownFileType = folder.assetcatalog; path = Assets.xcassets; sourceTree = "<group>"; };
		E6C4111B2841CB5200FBF7D7 /* Base */ = {isa = PBXFileReference; lastKnownFileType = file.storyboard; name = Base; path = Base.lproj/LaunchScreen.storyboard; sourceTree = "<group>"; };
		E6C4111D2841CB5200FBF7D7 /* Info.plist */ = {isa = PBXFileReference; lastKnownFileType = text.plist.xml; path = Info.plist; sourceTree = "<group>"; };
		E6C411232841D13100FBF7D7 /* ExcelViewController.swift */ = {isa = PBXFileReference; lastKnownFileType = sourcecode.swift; path = ExcelViewController.swift; sourceTree = "<group>"; };
		E6CB6DED2844827C007C0184 /* WebKit.framework */ = {isa = PBXFileReference; lastKnownFileType = wrapper.framework; name = WebKit.framework; path = System/Library/Frameworks/WebKit.framework; sourceTree = SDKROOT; };
		E6CB6DEF28448284007C0184 /* Network.framework */ = {isa = PBXFileReference; lastKnownFileType = wrapper.framework; name = Network.framework; path = System/Library/Frameworks/Network.framework; sourceTree = SDKROOT; };
		E6CB6DF128448296007C0184 /* InternetStatus.swift */ = {isa = PBXFileReference; lastKnownFileType = sourcecode.swift; path = InternetStatus.swift; sourceTree = "<group>"; };
		E6CB6DF328448D26007C0184 /* PDFViewController.swift */ = {isa = PBXFileReference; lastKnownFileType = sourcecode.swift; path = PDFViewController.swift; sourceTree = "<group>"; };
		E6CB6DF528448E1D007C0184 /* ImageViewController.swift */ = {isa = PBXFileReference; lastKnownFileType = sourcecode.swift; path = ImageViewController.swift; sourceTree = "<group>"; };
/* End PBXFileReference section */

/* Begin PBXFrameworksBuildPhase section */
		E6C411092841CB4E00FBF7D7 /* Frameworks */ = {
			isa = PBXFrameworksBuildPhase;
			buildActionMask = 2147483647;
			files = (
				E6CB6DEE2844827C007C0184 /* WebKit.framework in Frameworks */,
				E6CB6DF028448284007C0184 /* Network.framework in Frameworks */,
			);
			runOnlyForDeploymentPostprocessing = 0;
		};
/* End PBXFrameworksBuildPhase section */

/* Begin PBXGroup section */
		E6C411032841CB4E00FBF7D7 = {
			isa = PBXGroup;
			children = (
				E6C4110E2841CB4E00FBF7D7 /* Practica2iOS */,
				E6C4110D2841CB4E00FBF7D7 /* Products */,
				E6CB6DEC2844827B007C0184 /* Frameworks */,
			);
			sourceTree = "<group>";
		};
		E6C4110D2841CB4E00FBF7D7 /* Products */ = {
			isa = PBXGroup;
			children = (
				E6C4110C2841CB4E00FBF7D7 /* Practica2iOS.app */,
			);
			name = Products;
			sourceTree = "<group>";
		};
		E6C4110E2841CB4E00FBF7D7 /* Practica2iOS */ = {
			isa = PBXGroup;
			children = (
				E6C4110F2841CB4E00FBF7D7 /* AppDelegate.swift */,
				E6C411112841CB4E00FBF7D7 /* SceneDelegate.swift */,
				E6C411132841CB4E00FBF7D7 /* ViewController.swift */,
				E6C411152841CB4E00FBF7D7 /* Main.storyboard */,
				E6C411182841CB5200FBF7D7 /* Assets.xcassets */,
				E6C4111A2841CB5200FBF7D7 /* LaunchScreen.storyboard */,
				E6C4111D2841CB5200FBF7D7 /* Info.plist */,
				E6C411232841D13100FBF7D7 /* ExcelViewController.swift */,
				E6CB6DF128448296007C0184 /* InternetStatus.swift */,
				E6CB6DF328448D26007C0184 /* PDFViewController.swift */,
				E6CB6DF528448E1D007C0184 /* ImageViewController.swift */,
			);
			path = Practica2iOS;
			sourceTree = "<group>";
		};
		E6CB6DEC2844827B007C0184 /* Frameworks */ = {
			isa = PBXGroup;
			children = (
				E6CB6DEF28448284007C0184 /* Network.framework */,
				E6CB6DED2844827C007C0184 /* WebKit.framework */,
			);
			name = Frameworks;
			sourceTree = "<group>";
		};
/* End PBXGroup section */

/* Begin PBXNativeTarget section */
		E6C4110B2841CB4E00FBF7D7 /* Practica2iOS */ = {
			isa = PBXNativeTarget;
			buildConfigurationList = E6C411202841CB5200FBF7D7 /* Build configuration list for PBXNativeTarget "Practica2iOS" */;
			buildPhases = (
				E6C411082841CB4E00FBF7D7 /* Sources */,
				E6C411092841CB4E00FBF7D7 /* Frameworks */,
				E6C4110A2841CB4E00FBF7D7 /* Resources */,
			);
			buildRules = (
			);
			dependencies = (
			);
			name = Practica2iOS;
			productName = Practica2iOS;
			productReference = E6C4110C2841CB4E00FBF7D7 /* Practica2iOS.app */;
			productType = "com.apple.product-type.application";
		};
/* End PBXNativeTarget section */

/* Begin PBXProject section */
		E6C411042841CB4E00FBF7D7 /* Project object */ = {
			isa = PBXProject;
			attributes = {
				BuildIndependentTargetsInParallel = 1;
				LastSwiftUpdateCheck = 1340;
				LastUpgradeCheck = 1340;
				TargetAttributes = {
					E6C4110B2841CB4E00FBF7D7 = {
						CreatedOnToolsVersion = 13.4;
					};
				};
			};
			buildConfigurationList = E6C411072841CB4E00FBF7D7 /* Build configuration list for PBXProject "Practica2iOS" */;
			compatibilityVersion = "Xcode 13.0";
			developmentRegion = en;
			hasScannedForEncodings = 0;
			knownRegions = (
				en,
				Base,
			);
			mainGroup = E6C411032841CB4E00FBF7D7;
			productRefGroup = E6C4110D2841CB4E00FBF7D7 /* Products */;
			projectDirPath = "";
			projectRoot = "";
			targets = (
				E6C4110B2841CB4E00FBF7D7 /* Practica2iOS */,
			);
		};
/* End PBXProject section */

/* Begin PBXResourcesBuildPhase section */
		E6C4110A2841CB4E00FBF7D7 /* Resources */ = {
			isa = PBXResourcesBuildPhase;
			buildActionMask = 2147483647;
			files = (
				E6C4111C2841CB5200FBF7D7 /* LaunchScreen.storyboard in Resources */,
				E6C411192841CB5200FBF7D7 /* Assets.xcassets in Resources */,
				E6C411172841CB4E00FBF7D7 /* Main.storyboard in Resources */,
			);
			runOnlyForDeploymentPostprocessing = 0;
		};
/* End PBXResourcesBuildPhase section */

/* Begin PBXSourcesBuildPhase section */
		E6C411082841CB4E00FBF7D7 /* Sources */ = {
			isa = PBXSourcesBuildPhase;
			buildActionMask = 2147483647;
			files = (
				E6C411242841D13100FBF7D7 /* ExcelViewController.swift in Sources */,
				E6C411142841CB4E00FBF7D7 /* ViewController.swift in Sources */,
				E6C411102841CB4E00FBF7D7 /* AppDelegate.swift in Sources */,
				E6CB6DF628448E1D007C0184 /* ImageViewController.swift in Sources */,
				E6CB6DF428448D26007C0184 /* PDFViewController.swift in Sources */,
				E6C411122841CB4E00FBF7D7 /* SceneDelegate.swift in Sources */,
				E6CB6DF228448296007C0184 /* InternetStatus.swift in Sources */,
			);
			runOnlyForDeploymentPostprocessing = 0;
		};
/* End PBXSourcesBuildPhase section */

/* Begin PBXVariantGroup section */
		E6C411152841CB4E00FBF7D7 /* Main.storyboard */ = {
			isa = PBXVariantGroup;
			children = (
				E6C411162841CB4E00FBF7D7 /* Base */,
			);
			name = Main.storyboard;
			sourceTree = "<group>";
		};
		E6C4111A2841CB5200FBF7D7 /* LaunchScreen.storyboard */ = {
			isa = PBXVariantGroup;
			children = (
				E6C4111B2841CB5200FBF7D7 /* Base */,
			);
			name = LaunchScreen.storyboard;
			sourceTree = "<group>";
		};
/* End PBXVariantGroup section */

/* Begin XCBuildConfiguration section */
		E6C4111E2841CB5200FBF7D7 /* Debug */ = {
			isa = XCBuildConfiguration;
			buildSettings = {
				ALWAYS_SEARCH_USER_PATHS = NO;
				CLANG_ANALYZER_NONNULL = YES;
				CLANG_ANALYZER_NUMBER_OBJECT_CONVERSION = YES_AGGRESSIVE;
				CLANG_CXX_LANGUAGE_STANDARD = "gnu++17";
				CLANG_ENABLE_MODULES = YES;
				CLANG_ENABLE_OBJC_ARC = YES;
				CLANG_ENABLE_OBJC_WEAK = YES;
				CLANG_WARN_BLOCK_CAPTURE_AUTORELEASING = YES;
				CLANG_WARN_BOOL_CONVERSION = YES;
				CLANG_WARN_COMMA = YES;
				CLANG_WARN_CONSTANT_CONVERSION = YES;
				CLANG_WARN_DEPRECATED_OBJC_IMPLEMENTATIONS = YES;
				CLANG_WARN_DIRECT_OBJC_ISA_USAGE = YES_ERROR;
				CLANG_WARN_DOCUMENTATION_COMMENTS = YES;
				CLANG_WARN_EMPTY_BODY = YES;
				CLANG_WARN_ENUM_CONVERSION = YES;
				CLANG_WARN_INFINITE_RECURSION = YES;
				CLANG_WARN_INT_CONVERSION = YES;
				CLANG_WARN_NON_LITERAL_NULL_CONVERSION = YES;
				CLANG_WARN_OBJC_IMPLICIT_RETAIN_SELF = YES;
				CLANG_WARN_OBJC_LITERAL_CONVERSION = YES;
				CLANG_WARN_OBJC_ROOT_CLASS = YES_ERROR;
				CLANG_WARN_QUOTED_INCLUDE_IN_FRAMEWORK_HEADER = YES;
				CLANG_WARN_RANGE_LOOP_ANALYSIS = YES;
				CLANG_WARN_STRICT_PROTOTYPES = YES;
				CLANG_WARN_SUSPICIOUS_MOVE = YES;
				CLANG_WARN_UNGUARDED_AVAILABILITY = YES_AGGRESSIVE;
				CLANG_WARN_UNREACHABLE_CODE = YES;
				CLANG_WARN__DUPLICATE_METHOD_MATCH = YES;
				COPY_PHASE_STRIP = NO;
				DEBUG_INFORMATION_FORMAT = dwarf;
				ENABLE_STRICT_OBJC_MSGSEND = YES;
				ENABLE_TESTABILITY = YES;
				GCC_C_LANGUAGE_STANDARD = gnu11;
				GCC_DYNAMIC_NO_PIC = NO;
				GCC_NO_COMMON_BLOCKS = YES;
				GCC_OPTIMIZATION_LEVEL = 0;
				GCC_PREPROCESSOR_DEFINITIONS = (
					"DEBUG=1",
					"$(inherited)",
				);
				GCC_WARN_64_TO_32_BIT_CONVERSION = YES;
				GCC_WARN_ABOUT_RETURN_TYPE = YES_ERROR;
				GCC_WARN_UNDECLARED_SELECTOR = YES;
				GCC_WARN_UNINITIALIZED_AUTOS = YES_AGGRESSIVE;
				GCC_WARN_UNUSED_FUNCTION = YES;
				GCC_WARN_UNUSED_VARIABLE = YES;
				IPHONEOS_DEPLOYMENT_TARGET = 15.5;
				MTL_ENABLE_DEBUG_INFO = INCLUDE_SOURCE;
				MTL_FAST_MATH = YES;
				ONLY_ACTIVE_ARCH = YES;
				SDKROOT = iphoneos;
				SWIFT_ACTIVE_COMPILATION_CONDITIONS = DEBUG;
				SWIFT_OPTIMIZATION_LEVEL = "-Onone";
			};
			name = Debug;
		};
		E6C4111F2841CB5200FBF7D7 /* Release */ = {
			isa = XCBuildConfiguration;
			buildSettings = {
				ALWAYS_SEARCH_USER_PATHS = NO;
				CLANG_ANALYZER_NONNULL = YES;
				CLANG_ANALYZER_NUMBER_OBJECT_CONVERSION = YES_AGGRESSIVE;
				CLANG_CXX_LANGUAGE_STANDARD = "gnu++17";
				CLANG_ENABLE_MODULES = YES;
				CLANG_ENABLE_OBJC_ARC = YES;
				CLANG_ENABLE_OBJC_WEAK = YES;
				CLANG_WARN_BLOCK_CAPTURE_AUTORELEASING = YES;
				CLANG_WARN_BOOL_CONVERSION = YES;
				CLANG_WARN_COMMA = YES;
				CLANG_WARN_CONSTANT_CONVERSION = YES;
				CLANG_WARN_DEPRECATED_OBJC_IMPLEMENTATIONS = YES;
				CLANG_WARN_DIRECT_OBJC_ISA_USAGE = YES_ERROR;
				CLANG_WARN_DOCUMENTATION_COMMENTS = YES;
				CLANG_WARN_EMPTY_BODY = YES;
				CLANG_WARN_ENUM_CONVERSION = YES;
				CLANG_WARN_INFINITE_RECURSION = YES;
				CLANG_WARN_INT_CONVERSION = YES;
				CLANG_WARN_NON_LITERAL_NULL_CONVERSION = YES;
				CLANG_WARN_OBJC_IMPLICIT_RETAIN_SELF = YES;
				CLANG_WARN_OBJC_LITERAL_CONVERSION = YES;
				CLANG_WARN_OBJC_ROOT_CLASS = YES_ERROR;
				CLANG_WARN_QUOTED_INCLUDE_IN_FRAMEWORK_HEADER = YES;
				CLANG_WARN_RANGE_LOOP_ANALYSIS = YES;
				CLANG_WARN_STRICT_PROTOTYPES = YES;
				CLANG_WARN_SUSPICIOUS_MOVE = YES;
				CLANG_WARN_UNGUARDED_AVAILABILITY = YES_AGGRESSIVE;
				CLANG_WARN_UNREACHABLE_CODE = YES;
				CLANG_WARN__DUPLICATE_METHOD_MATCH = YES;
				COPY_PHASE_STRIP = NO;
				DEBUG_INFORMATION_FORMAT = "dwarf-with-dsym";
				ENABLE_NS_ASSERTIONS = NO;
				ENABLE_STRICT_OBJC_MSGSEND = YES;
				GCC_C_LANGUAGE_STANDARD = gnu11;
				GCC_NO_COMMON_BLOCKS = YES;
				GCC_WARN_64_TO_32_BIT_CONVERSION = YES;
				GCC_WARN_ABOUT_RETURN_TYPE = YES_ERROR;
				GCC_WARN_UNDECLARED_SELECTOR = YES;
				GCC_WARN_UNINITIALIZED_AUTOS = YES_AGGRESSIVE;
				GCC_WARN_UNUSED_FUNCTION = YES;
				GCC_WARN_UNUSED_VARIABLE = YES;
				IPHONEOS_DEPLOYMENT_TARGET = 15.5;
				MTL_ENABLE_DEBUG_INFO = NO;
				MTL_FAST_MATH = YES;
				SDKROOT = iphoneos;
				SWIFT_COMPILATION_MODE = wholemodule;
				SWIFT_OPTIMIZATION_LEVEL = "-O";
				VALIDATE_PRODUCT = YES;
			};
			name = Release;
		};
		E6C411212841CB5200FBF7D7 /* Debug */ = {
			isa = XCBuildConfiguration;
			buildSettings = {
				ASSETCATALOG_COMPILER_APPICON_NAME = AppIcon;
				ASSETCATALOG_COMPILER_GLOBAL_ACCENT_COLOR_NAME = AccentColor;
				CODE_SIGN_STYLE = Automatic;
				CURRENT_PROJECT_VERSION = 1;
				DEVELOPMENT_TEAM = 743CHRXJ24;
				GENERATE_INFOPLIST_FILE = YES;
				INFOPLIST_FILE = Practica2iOS/Info.plist;
				INFOPLIST_KEY_UIApplicationSupportsIndirectInputEvents = YES;
				INFOPLIST_KEY_UILaunchStoryboardName = LaunchScreen;
				INFOPLIST_KEY_UIMainStoryboardFile = Main;
				INFOPLIST_KEY_UISupportedInterfaceOrientations_iPad = "UIInterfaceOrientationPortrait UIInterfaceOrientationPortraitUpsideDown UIInterfaceOrientationLandscapeLeft UIInterfaceOrientationLandscapeRight";
				INFOPLIST_KEY_UISupportedInterfaceOrientations_iPhone = "UIInterfaceOrientationPortrait UIInterfaceOrientationLandscapeLeft UIInterfaceOrientationLandscapeRight";
				LD_RUNPATH_SEARCH_PATHS = (
					"$(inherited)",
					"@executable_path/Frameworks",
				);
				MARKETING_VERSION = 1.0;
				PRODUCT_BUNDLE_IDENTIFIER = francisco.jaime.Practica2iOS;
				PRODUCT_NAME = "$(TARGET_NAME)";
				SWIFT_EMIT_LOC_STRINGS = YES;
				SWIFT_VERSION = 5.0;
				TARGETED_DEVICE_FAMILY = 1;
			};
			name = Debug;
		};
		E6C411222841CB5200FBF7D7 /* Release */ = {
			isa = XCBuildConfiguration;
			buildSettings = {
				ASSETCATALOG_COMPILER_APPICON_NAME = AppIcon;
				ASSETCATALOG_COMPILER_GLOBAL_ACCENT_COLOR_NAME = AccentColor;
				CODE_SIGN_STYLE = Automatic;
				CURRENT_PROJECT_VERSION = 1;
				DEVELOPMENT_TEAM = 743CHRXJ24;
				GENERATE_INFOPLIST_FILE = YES;
				INFOPLIST_FILE = Practica2iOS/Info.plist;
				INFOPLIST_KEY_UIApplicationSupportsIndirectInputEvents = YES;
				INFOPLIST_KEY_UILaunchStoryboardName = LaunchScreen;
				INFOPLIST_KEY_UIMainStoryboardFile = Main;
				INFOPLIST_KEY_UISupportedInterfaceOrientations_iPad = "UIInterfaceOrientationPortrait UIInterfaceOrientationPortraitUpsideDown UIInterfaceOrientationLandscapeLeft UIInterfaceOrientationLandscapeRight";
				INFOPLIST_KEY_UISupportedInterfaceOrientations_iPhone = "UIInterfaceOrientationPortrait UIInterfaceOrientationLandscapeLeft UIInterfaceOrientationLandscapeRight";
				LD_RUNPATH_SEARCH_PATHS = (
					"$(inherited)",
					"@executable_path/Frameworks",
				);
				MARKETING_VERSION = 1.0;
				PRODUCT_BUNDLE_IDENTIFIER = francisco.jaime.Practica2iOS;
				PRODUCT_NAME = "$(TARGET_NAME)";
				SWIFT_EMIT_LOC_STRINGS = YES;
				SWIFT_VERSION = 5.0;
				TARGETED_DEVICE_FAMILY = 1;
			};
			name = Release;
		};
/* End XCBuildConfiguration section */

/* Begin XCConfigurationList section */
		E6C411072841CB4E00FBF7D7 /* Build configuration list for PBXProject "Practica2iOS" */ = {
			isa = XCConfigurationList;
			buildConfigurations = (
				E6C4111E2841CB5200FBF7D7 /* Debug */,
				E6C4111F2841CB5200FBF7D7 /* Release */,
			);
			defaultConfigurationIsVisible = 0;
			defaultConfigurationName = Release;
		};
		E6C411202841CB5200FBF7D7 /* Build configuration list for PBXNativeTarget "Practica2iOS" */ = {
			isa = XCConfigurationList;
			buildConfigurations = (
				E6C411212841CB5200FBF7D7 /* Debug */,
				E6C411222841CB5200FBF7D7 /* Release */,
			);
			defaultConfigurationIsVisible = 0;
			defaultConfigurationName = Release;
		};
/* End XCConfigurationList section */
	};
	rootObject = E6C411042841CB4E00FBF7D7 /* Project object */;
}
